
Microsoft Visual Studio Solution File, Format Version 12.00
# Visual Studio 15
VisualStudioVersion = 15.0.26430.16
MinimumVisualStudioVersion = 10.0.40219.1
Project("{FAE04EC0-301F-11D3-BF4B-00C04F79EFBC}") = "GenieBank", "GenieBank\GenieBank.csproj", "{D95DE460-0D18-495A-A530-514057757860}"
EndProject
Project("{FAE04EC0-301F-11D3-BF4B-00C04F79EFBC}") = "GenieBank.Tests", "GenieBank.Tests\GenieBank.Tests.csproj", "{E61A2320-2F00-4386-9458-B6400494EE81}"
EndProject
Global
	GlobalSection(SolutionConfigurationPlatforms) = preSolution
		Debug|Any CPU = Debug|Any CPU
		Release|Any CPU = Release|Any CPU
	EndGlobalSection
	GlobalSection(ProjectConfigurationPlatforms) = postSolution
		{D95DE460-0D18-495A-A530-514057757860}.Debug|Any CPU.ActiveCfg = Debug|Any CPU
		{D95DE460-0D18-495A-A530-514057757860}.Debug|Any CPU.Build.0 = Debug|Any CPU
		{D95DE460-0D18-495A-A530-514057757860}.Release|Any CPU.ActiveCfg = Release|Any CPU
		{D95DE460-0D18-495A-A530-514057757860}.Release|Any CPU.Build.0 = Release|Any CPU
		{E61A2320-2F00-4386-9458-B6400494EE81}.Debug|Any CPU.ActiveCfg = Debug|Any CPU
		{E61A2320-2F00-4386-9458-B6400494EE81}.Debug|Any CPU.Build.0 = Debug|Any CPU
		{E61A2320-2F00-4386-9458-B6400494EE81}.Release|Any CPU.ActiveCfg = Release|Any CPU
		{E61A2320-2F00-4386-9458-B6400494EE81}.Release|Any CPU.Build.0 = Release|Any CPU
	EndGlobalSection
	GlobalSection(SolutionProperties) = preSolution
		HideSolutionNode = FALSE
	EndGlobalSection
EndGlobal
